// !$*UTF8*$!
{
	archiveVersion = 1;
	classes = {
	};
	objectVersion = 56;
	objects = {

/* Begin PBXBuildFile section */
		A200000100000000000001AA /* Hrapp.swift in Sources */ = {isa = PBXBuildFile; fileRef = A100000100000000000001AA /* Hrapp.swift */; };
		A200000100000000000002AA /* ContentView.swift in Sources */ = {isa = PBXBuildFile; fileRef = A100000100000000000002AA /* ContentView.swift */; };
		A200000100000000000003AA /* Loginview.swift in Sources */ = {isa = PBXBuildFile; fileRef = A100000100000000000003AA /* Loginview.swift */; };
		A200000100000000000004AA /* Maintabview.swift in Sources */ = {isa = PBXBuildFile; fileRef = A100000100000000000004AA /* Maintabview.swift */; };
		A200000100000000000005AA /* Networkmanager.swift in Sources */ = {isa = PBXBuildFile; fileRef = A100000100000000000005AA /* Networkmanager.swift */; };
		A200000100000000000006AA /* HSEViews.swift in Sources */ = {isa = PBXBuildFile; fileRef = A100000100000000000006AA /* HSEViews.swift */; };
		A200000100000000000007AA /* Supervisorviews.swift in Sources */ = {isa = PBXBuildFile; fileRef = A100000100000000000007AA /* Supervisorviews.swift */; };
		A200000100000000000008AA /* SiteSupervisorViews.swift in Sources */ = {isa = PBXBuildFile; fileRef = A100000100000000000008AA /* SiteSupervisorViews.swift */; };
		A200000100000000000009AA /* Adminandhrviews.swift in Sources */ = {isa = PBXBuildFile; fileRef = A100000100000000000009AA /* Adminandhrviews.swift */; };
		A20000010000000000000AAA /* Adminattendanceview.swift in Sources */ = {isa = PBXBuildFile; fileRef = A10000010000000000000AAA /* Adminattendanceview.swift */; };
		A20000010000000000000BAA /* Attendanceviews.swift in Sources */ = {isa = PBXBuildFile; fileRef = A10000010000000000000BAA /* Attendanceviews.swift */; };
		A20000010000000000000CAA /* Employeeandevalviews.swift in Sources */ = {isa = PBXBuildFile; fileRef = A10000010000000000000CAA /* Employeeandevalviews.swift */; };
		A20000010000000000000DAA /* Cachemanager.swift in Sources */ = {isa = PBXBuildFile; fileRef = A10000010000000000000DAA /* Cachemanager.swift */; };
		A20000010000000000000EAA /* Offlinequeue.swift in Sources */ = {isa = PBXBuildFile; fileRef = A10000010000000000000EAA /* Offlinequeue.swift */; };
		A20000010000000000000FAA /* Extensions.swift in Sources */ = {isa = PBXBuildFile; fileRef = A10000010000000000000FAA /* Extensions.swift */; };
		A200000100000000000012AA /* SuperAdminViews.swift in Sources */ = {isa = PBXBuildFile; fileRef = A100000100000000000012AA /* SuperAdminViews.swift */; };
		A200000100000000000010AA /* Assets.xcassets in Resources */ = {isa = PBXBuildFile; fileRef = A100000100000000000010AA /* Assets.xcassets */; };
/* End PBXBuildFile section */

/* Begin PBXFileReference section */
		A100000100000000000001AA /* Hrapp.swift */ = {isa = PBXFileReference; lastKnownFileType = sourcecode.swift; path = Hrapp.swift; sourceTree = "<group>"; };
		A100000100000000000002AA /* ContentView.swift */ = {isa = PBXFileReference; lastKnownFileType = sourcecode.swift; path = ContentView.swift; sourceTree = "<group>"; };
		A100000100000000000003AA /* Loginview.swift */ = {isa = PBXFileReference; lastKnownFileType = sourcecode.swift; path = Loginview.swift; sourceTree = "<group>"; };
		A100000100000000000004AA /* Maintabview.swift */ = {isa = PBXFileReference; lastKnownFileType = sourcecode.swift; path = Maintabview.swift; sourceTree = "<group>"; };
		A100000100000000000005AA /* Networkmanager.swift */ = {isa = PBXFileReference; lastKnownFileType = sourcecode.swift; path = Networkmanager.swift; sourceTree = "<group>"; };
		A100000100000000000006AA /* HSEViews.swift */ = {isa = PBXFileReference; lastKnownFileType = sourcecode.swift; path = HSEViews.swift; sourceTree = "<group>"; };
		A100000100000000000007AA /* Supervisorviews.swift */ = {isa = PBXFileReference; lastKnownFileType = sourcecode.swift; path = Supervisorviews.swift; sourceTree = "<group>"; };
		A100000100000000000008AA /* SiteSupervisorViews.swift */ = {isa = PBXFileReference; lastKnownFileType = sourcecode.swift; path = SiteSupervisorViews.swift; sourceTree = "<group>"; };
		A100000100000000000009AA /* Adminandhrviews.swift */ = {isa = PBXFileReference; lastKnownFileType = sourcecode.swift; path = Adminandhrviews.swift; sourceTree = "<group>"; };
		A10000010000000000000AAA /* Adminattendanceview.swift */ = {isa = PBXFileReference; lastKnownFileType = sourcecode.swift; path = Adminattendanceview.swift; sourceTree = "<group>"; };
		A10000010000000000000BAA /* Attendanceviews.swift */ = {isa = PBXFileReference; lastKnownFileType = sourcecode.swift; path = Attendanceviews.swift; sourceTree = "<group>"; };
		A10000010000000000000CAA /* Employeeandevalviews.swift */ = {isa = PBXFileReference; lastKnownFileType = sourcecode.swift; path = Employeeandevalviews.swift; sourceTree = "<group>"; };
		A10000010000000000000DAA /* Cachemanager.swift */ = {isa = PBXFileReference; lastKnownFileType = sourcecode.swift; path = Cachemanager.swift; sourceTree = "<group>"; };
		A10000010000000000000EAA /* Offlinequeue.swift */ = {isa = PBXFileReference; lastKnownFileType = sourcecode.swift; path = Offlinequeue.swift; sourceTree = "<group>"; };
		A10000010000000000000FAA /* Extensions.swift */ = {isa = PBXFileReference; lastKnownFileType = sourcecode.swift; path = Extensions.swift; sourceTree = "<group>"; };
		A100000100000000000012AA /* SuperAdminViews.swift */ = {isa = PBXFileReference; lastKnownFileType = sourcecode.swift; path = SuperAdminViews.swift; sourceTree = "<group>"; };
		A100000100000000000010AA /* Assets.xcassets */ = {isa = PBXFileReference; lastKnownFileType = folder.assetcatalog; path = Assets.xcassets; sourceTree = "<group>"; };
		A100000100000000000011AA /* z NSH.entitlements */ = {isa = PBXFileReference; lastKnownFileType = text.plist.entitlements; path = "z NSH.entitlements"; sourceTree = "<group>"; };
		A000000100000000000008AA /* z NSH.app */ = {isa = PBXFileReference; explicitFileType = wrapper.application; includeInIndex = 0; path = "z NSH.app"; sourceTree = BUILT_PRODUCTS_DIR; };
/* End PBXFileReference section */

/* Begin PBXFrameworksBuildPhase section */
		A000000100000000000005AA /* Frameworks */ = {
			isa = PBXFrameworksBuildPhase;
			buildActionMask = 2147483647;
			files = (
			);
			runOnlyForDeploymentPostprocessing = 0;
		};
/* End PBXFrameworksBuildPhase section */

/* Begin PBXGroup section */
		A000000100000000000006AA = {
			isa = PBXGroup;
			children = (
				A000000100000000000020AA /* z NSH */,
				A000000100000000000007AA /* Products */,
			);
			sourceTree = "<group>";
		};
		A000000100000000000020AA /* z NSH */ = {
			isa = PBXGroup;
			children = (
				A100000100000000000001AA /* Hrapp.swift */,
				A100000100000000000002AA /* ContentView.swift */,
				A100000100000000000003AA /* Loginview.swift */,
				A100000100000000000004AA /* Maintabview.swift */,
				A100000100000000000005AA /* Networkmanager.swift */,
				A100000100000000000006AA /* HSEViews.swift */,
				A100000100000000000007AA /* Supervisorviews.swift */,
				A100000100000000000008AA /* SiteSupervisorViews.swift */,
				A100000100000000000009AA /* Adminandhrviews.swift */,
				A10000010000000000000AAA /* Adminattendanceview.swift */,
				A10000010000000000000BAA /* Attendanceviews.swift */,
				A10000010000000000000CAA /* Employeeandevalviews.swift */,
				A10000010000000000000DAA /* Cachemanager.swift */,
				A10000010000000000000EAA /* Offlinequeue.swift */,
				A10000010000000000000FAA /* Extensions.swift */,
				A100000100000000000012AA /* SuperAdminViews.swift */,
				A100000100000000000010AA /* Assets.xcassets */,
				A100000100000000000011AA /* z NSH.entitlements */,
			);
			name = "z NSH";
			sourceTree = SOURCE_ROOT;
		};
		A000000100000000000007AA /* Products */ = {
			isa = PBXGroup;
			children = (
				A000000100000000000008AA /* z NSH.app */,
			);
			name = Products;
			sourceTree = "<group>";
		};
/* End PBXGroup section */

/* Begin PBXNativeTarget section */
		A000000100000000000002AA /* z NSH */ = {
			isa = PBXNativeTarget;
			buildConfigurationList = A00000010000000000000CAA /* Build configuration list for PBXNativeTarget "z NSH" */;
			buildPhases = (
				A000000100000000000003AA /* Sources */,
				A000000100000000000004AA /* Resources */,
				A000000100000000000005AA /* Frameworks */,
			);
			buildRules = (
			);
			dependencies = (
			);
			name = "z NSH";
			productName = "z NSH";
			productReference = A000000100000000000008AA /* z NSH.app */;
			productType = "com.apple.product-type.application";
		};
/* End PBXNativeTarget section */

/* Begin PBXProject section */
		A000000100000000000001AA /* Project object */ = {
			isa = PBXProject;
			attributes = {
				BuildIndependentTargetsInParallel = 1;
				LastSwiftUpdateCheck = 1500;
				LastUpgradeCheck = 1500;
				TargetAttributes = {
					A000000100000000000002AA = {
						CreatedOnToolsVersion = 15.0;
					};
				};
			};
			buildConfigurationList = A00000010000000000000BAA /* Build configuration list for PBXProject "z NSH" */;
			compatibilityVersion = "Xcode 14.0";
			developmentRegion = en;
			hasScannedForEncodings = 0;
			knownRegions = (
				en,
				Base,
			);
			mainGroup = A000000100000000000006AA;
			productRefGroup = A000000100000000000007AA /* Products */;
			projectDirPath = "";
			projectRoot = "";
			targets = (
				A000000100000000000002AA /* z NSH */,
			);
		};
/* End PBXProject section */

/* Begin PBXResourcesBuildPhase section */
		A000000100000000000004AA /* Resources */ = {
			isa = PBXResourcesBuildPhase;
			buildActionMask = 2147483647;
			files = (
				A200000100000000000010AA /* Assets.xcassets in Resources */,
			);
			runOnlyForDeploymentPostprocessing = 0;
		};
/* End PBXResourcesBuildPhase section */

/* Begin PBXSourcesBuildPhase section */
		A000000100000000000003AA /* Sources */ = {
			isa = PBXSourcesBuildPhase;
			buildActionMask = 2147483647;
			files = (
				A200000100000000000001AA /* Hrapp.swift in Sources */,
				A200000100000000000002AA /* ContentView.swift in Sources */,
				A200000100000000000003AA /* Loginview.swift in Sources */,
				A200000100000000000004AA /* Maintabview.swift in Sources */,
				A200000100000000000005AA /* Networkmanager.swift in Sources */,
				A200000100000000000006AA /* HSEViews.swift in Sources */,
				A200000100000000000007AA /* Supervisorviews.swift in Sources */,
				A200000100000000000008AA /* SiteSupervisorViews.swift in Sources */,
				A200000100000000000009AA /* Adminandhrviews.swift in Sources */,
				A20000010000000000000AAA /* Adminattendanceview.swift in Sources */,
				A20000010000000000000BAA /* Attendanceviews.swift in Sources */,
				A20000010000000000000CAA /* Employeeandevalviews.swift in Sources */,
				A20000010000000000000DAA /* Cachemanager.swift in Sources */,
				A20000010000000000000EAA /* Offlinequeue.swift in Sources */,
				A20000010000000000000FAA /* Extensions.swift in Sources */,
				A200000100000000000012AA /* SuperAdminViews.swift in Sources */,
			);
			runOnlyForDeploymentPostprocessing = 0;
		};
/* End PBXSourcesBuildPhase section */

/* Begin XCBuildConfiguration section */
		A000000100000000000009AA /* Debug */ = {
			isa = XCBuildConfiguration;
			buildSettings = {
				ALWAYS_SEARCH_USER_PATHS = NO;
				ASSETCATALOG_COMPILER_GENERATE_SWIFT_ASSET_SYMBOL_EXTENSIONS = YES;
				CLANG_ANALYZER_NONNULL = YES;
				CLANG_ANALYZER_NUMBER_OBJECT_CONVERSION = YES_AGGRESSIVE;
				CLANG_CXX_LANGUAGE_STANDARD = "gnu++20";
				CLANG_ENABLE_MODULES = YES;
				CLANG_ENABLE_OBJC_ARC = YES;
				CLANG_ENABLE_OBJC_WEAK = YES;
				CLANG_WARN_BLOCK_CAPTURE_AUTORELEASING = YES;
				CLANG_WARN_BOOL_CONVERSION = YES;
				CLANG_WARN_COMMA = YES;
				CLANG_WARN_CONSTANT_CONVERSION = YES;
				CLANG_WARN_DEPRECATED_OBJC_IMPLEMENTATIONS = YES;
				CLANG_WARN_DIRECT_OBJC_ISA_USAGE = YES_ERROR;
				CLANG_WARN_DOCUMENTATION_COMMENTS = YES;
				CLANG_WARN_EMPTY_BODY = YES;
				CLANG_WARN_ENUM_CONVERSION = YES;
				CLANG_WARN_INFINITE_RECURSION = YES;
				CLANG_WARN_INT_CONVERSION = YES;
				CLANG_WARN_NON_LITERAL_NULL_CONVERSION = YES;
				CLANG_WARN_OBJC_IMPLICIT_RETAIN_SELF = YES;
				CLANG_WARN_OBJC_LITERAL_CONVERSION = YES;
				CLANG_WARN_OBJC_ROOT_CLASS = YES_ERROR;
				CLANG_WARN_QUOTED_INCLUDE_IN_FRAMEWORK_HEADER = YES;
				CLANG_WARN_RANGE_LOOP_ANALYSIS = YES;
				CLANG_WARN_STRICT_PROTOTYPES = YES;
				CLANG_WARN_SUSPICIOUS_MOVE = YES;
				CLANG_WARN_UNINITIALIZED = YES;
				CLANG_WARN_UNREACHABLE_CODE = YES;
				CLANG_WARN__DUPLICATE_METHOD_MATCH = YES;
				COPY_PHASE_STRIP = NO;
				DEBUG_INFORMATION_FORMAT = dwarf;
				ENABLE_STRICT_OBJC_MSGSEND = YES;
				ENABLE_TESTABILITY = YES;
				ENABLE_USER_SCRIPT_SANDBOXING = YES;
				GCC_C_LANGUAGE_STANDARD = gnu17;
				GCC_DYNAMIC_NO_PIC = NO;
				GCC_NO_COMMON_BLOCKS = YES;
				GCC_OPTIMIZATION_LEVEL = 0;
				GCC_PREPROCESSOR_DEFINITIONS = (
					"DEBUG=1",
					"$(inherited)",
				);
				GCC_WARN_64_TO_32_BIT_CONVERSION = YES;
				GCC_WARN_ABOUT_RETURN_TYPE = YES_ERROR;
				GCC_WARN_UNDECLARED_SELECTOR = YES;
				GCC_WARN_UNINITIALIZED_AUTOS = YES_AGGRESSIVE;
				GCC_WARN_UNUSED_FUNCTION = YES;
				GCC_WARN_UNUSED_VARIABLE = YES;
				IPHONEOS_DEPLOYMENT_TARGET = 16.0;
				MTL_ENABLE_DEBUG_INFO = INCLUDE_SOURCE;
				MTL_FAST_MATH = YES;
				ONLY_ACTIVE_ARCH = YES;
				SDKROOT = iphoneos;
				SWIFT_ACTIVE_COMPILATION_CONDITIONS = DEBUG;
				SWIFT_OPTIMIZATION_LEVEL = "-Onone";
			};
			name = Debug;
		};
		A00000010000000000000AAA /* Release */ = {
			isa = XCBuildConfiguration;
			buildSettings = {
				ALWAYS_SEARCH_USER_PATHS = NO;
				ASSETCATALOG_COMPILER_GENERATE_SWIFT_ASSET_SYMBOL_EXTENSIONS = YES;
				CLANG_ANALYZER_NONNULL = YES;
				CLANG_ANALYZER_NUMBER_OBJECT_CONVERSION = YES_AGGRESSIVE;
				CLANG_CXX_LANGUAGE_STANDARD = "gnu++20";
				CLANG_ENABLE_MODULES = YES;
				CLANG_ENABLE_OBJC_ARC = YES;
				CLANG_ENABLE_OBJC_WEAK = YES;
				CLANG_WARN_BLOCK_CAPTURE_AUTORELEASING = YES;
				CLANG_WARN_BOOL_CONVERSION = YES;
				CLANG_WARN_COMMA = YES;
				CLANG_WARN_CONSTANT_CONVERSION = YES;
				CLANG_WARN_DEPRECATED_OBJC_IMPLEMENTATIONS = YES;
				CLANG_WARN_DIRECT_OBJC_ISA_USAGE = YES_ERROR;
				CLANG_WARN_DOCUMENTATION_COMMENTS = YES;
				CLANG_WARN_EMPTY_BODY = YES;
				CLANG_WARN_ENUM_CONVERSION = YES;
				CLANG_WARN_INFINITE_RECURSION = YES;
				CLANG_WARN_INT_CONVERSION = YES;
				CLANG_WARN_NON_LITERAL_NULL_CONVERSION = YES;
				CLANG_WARN_OBJC_IMPLICIT_RETAIN_SELF = YES;
				CLANG_WARN_OBJC_LITERAL_CONVERSION = YES;
				CLANG_WARN_OBJC_ROOT_CLASS = YES_ERROR;
				CLANG_WARN_QUOTED_INCLUDE_IN_FRAMEWORK_HEADER = YES;
				CLANG_WARN_RANGE_LOOP_ANALYSIS = YES;
				CLANG_WARN_STRICT_PROTOTYPES = YES;
				CLANG_WARN_SUSPICIOUS_MOVE = YES;
				CLANG_WARN_UNINITIALIZED = YES;
				CLANG_WARN_UNREACHABLE_CODE = YES;
				CLANG_WARN__DUPLICATE_METHOD_MATCH = YES;
				COPY_PHASE_STRIP = NO;
				DEBUG_INFORMATION_FORMAT = "dwarf-with-dsym";
				ENABLE_NS_ASSERTIONS = NO;
				ENABLE_STRICT_OBJC_MSGSEND = YES;
				ENABLE_USER_SCRIPT_SANDBOXING = YES;
				GCC_C_LANGUAGE_STANDARD = gnu17;
				GCC_NO_COMMON_BLOCKS = YES;
				GCC_WARN_64_TO_32_BIT_CONVERSION = YES;
				GCC_WARN_ABOUT_RETURN_TYPE = YES_ERROR;
				GCC_WARN_UNDECLARED_SELECTOR = YES;
				GCC_WARN_UNINITIALIZED_AUTOS = YES_AGGRESSIVE;
				GCC_WARN_UNUSED_FUNCTION = YES;
				GCC_WARN_UNUSED_VARIABLE = YES;
				IPHONEOS_DEPLOYMENT_TARGET = 16.0;
				MTL_FAST_MATH = YES;
				SDKROOT = iphoneos;
				SWIFT_COMPILATION_MODE = wholemodule;
				SWIFT_OPTIMIZATION_LEVEL = "-O";
				VALIDATE_PRODUCT = YES;
			};
			name = Release;
		};
		A00000010000000000000DAA /* Debug */ = {
			isa = XCBuildConfiguration;
			buildSettings = {
				ASSETCATALOG_COMPILER_APPICON_NAME = AppIcon;
				ASSETCATALOG_COMPILER_GLOBAL_ACCENT_COLOR_NAME = AccentColor;
				CODE_SIGN_ENTITLEMENTS = "z NSH.entitlements";
				CODE_SIGN_STYLE = Automatic;
				CURRENT_PROJECT_VERSION = 1;
				GENERATE_INFOPLIST_FILE = YES;
				INFOPLIST_KEY_NSCameraUsageDescription = "Used for uploading HSE observation photos";
				INFOPLIST_KEY_NSPhotoLibraryUsageDescription = "Used for selecting photos for HSE reports";
				INFOPLIST_KEY_NSPhotoLibraryAddUsageDescription = "Used for saving photos from HSE reports";
				INFOPLIST_KEY_UIApplicationSceneManifest_Generation = YES;
				INFOPLIST_KEY_UIApplicationSupportsIndirectInputEvents = YES;
				INFOPLIST_KEY_UILaunchScreen_Generation = YES;
				INFOPLIST_KEY_UISupportedInterfaceOrientations_iPhone = UIInterfaceOrientationPortrait;
				INFOPLIST_KEY_UISupportedInterfaceOrientations_iPad = "UIInterfaceOrientationPortrait UIInterfaceOrientationPortraitUpsideDown UIInterfaceOrientationLandscapeLeft UIInterfaceOrientationLandscapeRight";
				LD_RUNPATH_SEARCH_PATHS = (
					"$(inherited)",
					"@executable_path/Frameworks",
				);
				MARKETING_VERSION = 1.0;
				PRODUCT_BUNDLE_IDENTIFIER = "com.nsh.zNSH";
				PRODUCT_NAME = "$(TARGET_NAME)";
				SWIFT_EMIT_LOC_STRINGS = YES;
				SWIFT_VERSION = 5.0;
				TARGETED_DEVICE_FAMILY = 1;
			};
			name = Debug;
		};
		A00000010000000000000EAA /* Release */ = {
			isa = XCBuildConfiguration;
			buildSettings = {
				ASSETCATALOG_COMPILER_APPICON_NAME = AppIcon;
				ASSETCATALOG_COMPILER_GLOBAL_ACCENT_COLOR_NAME = AccentColor;
				CODE_SIGN_ENTITLEMENTS = "z NSH.entitlements";
				CODE_SIGN_STYLE = Automatic;
				CURRENT_PROJECT_VERSION = 1;
				GENERATE_INFOPLIST_FILE = YES;
				INFOPLIST_KEY_NSCameraUsageDescription = "Used for uploading HSE observation photos";
				INFOPLIST_KEY_NSPhotoLibraryUsageDescription = "Used for selecting photos for HSE reports";
				INFOPLIST_KEY_NSPhotoLibraryAddUsageDescription = "Used for saving photos from HSE reports";
				INFOPLIST_KEY_UIApplicationSceneManifest_Generation = YES;
				INFOPLIST_KEY_UIApplicationSupportsIndirectInputEvents = YES;
				INFOPLIST_KEY_UILaunchScreen_Generation = YES;
				INFOPLIST_KEY_UISupportedInterfaceOrientations_iPhone = UIInterfaceOrientationPortrait;
				INFOPLIST_KEY_UISupportedInterfaceOrientations_iPad = "UIInterfaceOrientationPortrait UIInterfaceOrientationPortraitUpsideDown UIInterfaceOrientationLandscapeLeft UIInterfaceOrientationLandscapeRight";
				LD_RUNPATH_SEARCH_PATHS = (
					"$(inherited)",
					"@executable_path/Frameworks",
				);
				MARKETING_VERSION = 1.0;
				PRODUCT_BUNDLE_IDENTIFIER = "com.nsh.zNSH";
				PRODUCT_NAME = "$(TARGET_NAME)";
				SWIFT_EMIT_LOC_STRINGS = YES;
				SWIFT_VERSION = 5.0;
				TARGETED_DEVICE_FAMILY = 1;
			};
			name = Release;
		};
/* End XCBuildConfiguration section */

/* Begin XCConfigurationList section */
		A00000010000000000000BAA /* Build configuration list for PBXProject "z NSH" */ = {
			isa = XCConfigurationList;
			buildConfigurations = (
				A000000100000000000009AA /* Debug */,
				A00000010000000000000AAA /* Release */,
			);
			defaultConfigurationIsVisible = 0;
			defaultConfigurationName = Release;
		};
		A00000010000000000000CAA /* Build configuration list for PBXNativeTarget "z NSH" */ = {
			isa = XCConfigurationList;
			buildConfigurations = (
				A00000010000000000000DAA /* Debug */,
				A00000010000000000000EAA /* Release */,
			);
			defaultConfigurationIsVisible = 0;
			defaultConfigurationName = Release;
		};
/* End XCConfigurationList section */

	};
	rootObject = A000000100000000000001AA /* Project object */;
}
